// !$*UTF8*$!
{
	archiveVersion = 1;
	classes = {
	};
	objectVersion = 46;
	objects = {

/* Begin PBXBuildFile section */
		E5180C591F579B03009093BA /* AppDelegate.swift in Sources */ = {isa = PBXBuildFile; fileRef = E5180C581F579B03009093BA /* AppDelegate.swift */; };
		E5180C5B1F579B03009093BA /* ViewController.swift in Sources */ = {isa = PBXBuildFile; fileRef = E5180C5A1F579B03009093BA /* ViewController.swift */; };
		E5180C5E1F579B03009093BA /* Main.storyboard in Resources */ = {isa = PBXBuildFile; fileRef = E5180C5C1F579B03009093BA /* Main.storyboard */; };
		E5180C601F579B03009093BA /* Assets.xcassets in Resources */ = {isa = PBXBuildFile; fileRef = E5180C5F1F579B03009093BA /* Assets.xcassets */; };
		E5180C631F579B03009093BA /* LaunchScreen.storyboard in Resources */ = {isa = PBXBuildFile; fileRef = E5180C611F579B03009093BA /* LaunchScreen.storyboard */; };
		E5180C6C1F579CD5009093BA /* MapKit.framework in Frameworks */ = {isa = PBXBuildFile; fileRef = E5180C6B1F579CD5009093BA /* MapKit.framework */; };
		E58F45C01F5D2BAD002D4258 /* aa.png in Resources */ = {isa = PBXBuildFile; fileRef = E58F45BF1F5D2BAD002D4258 /* aa.png */; };
		E5EF2F141F60D7730093CC06 /* bbb.jpeg in Resources */ = {isa = PBXBuildFile; fileRef = E5EF2F131F60D7730093CC06 /* bbb.jpeg */; };
/* End PBXBuildFile section */

/* Begin PBXFileReference section */
		E5180C551F579B03009093BA /* map2class.app */ = {isa = PBXFileReference; explicitFileType = wrapper.application; includeInIndex = 0; path = map2class.app; sourceTree = BUILT_PRODUCTS_DIR; };
		E5180C581F579B03009093BA /* AppDelegate.swift */ = {isa = PBXFileReference; lastKnownFileType = sourcecode.swift; path = AppDelegate.swift; sourceTree = "<group>"; };
		E5180C5A1F579B03009093BA /* ViewController.swift */ = {isa = PBXFileReference; lastKnownFileType = sourcecode.swift; path = ViewController.swift; sourceTree = "<group>"; };
		E5180C5D1F579B03009093BA /* Base */ = {isa = PBXFileReference; lastKnownFileType = file.storyboard; name = Base; path = Base.lproj/Main.storyboard; sourceTree = "<group>"; };
		E5180C5F1F579B03009093BA /* Assets.xcassets */ = {isa = PBXFileReference; lastKnownFileType = folder.assetcatalog; path = Assets.xcassets; sourceTree = "<group>"; };
		E5180C621F579B03009093BA /* Base */ = {isa = PBXFileReference; lastKnownFileType = file.storyboard; name = Base; path = Base.lproj/LaunchScreen.storyboard; sourceTree = "<group>"; };
		E5180C641F579B03009093BA /* Info.plist */ = {isa = PBXFileReference; lastKnownFileType = text.plist.xml; path = Info.plist; sourceTree = "<group>"; };
		E5180C6B1F579CD5009093BA /* MapKit.framework */ = {isa = PBXFileReference; lastKnownFileType = wrapper.framework; name = MapKit.framework; path = System/Library/Frameworks/MapKit.framework; sourceTree = SDKROOT; };
		E58F45BF1F5D2BAD002D4258 /* aa.png */ = {isa = PBXFileReference; lastKnownFileType = image.png; path = aa.png; sourceTree = "<group>"; };
		E5EF2F131F60D7730093CC06 /* bbb.jpeg */ = {isa = PBXFileReference; lastKnownFileType = image.jpeg; path = bbb.jpeg; sourceTree = "<group>"; };
/* End PBXFileReference section */

/* Begin PBXFrameworksBuildPhase section */
		E5180C521F579B03009093BA /* Frameworks */ = {
			isa = PBXFrameworksBuildPhase;
			buildActionMask = 2147483647;
			files = (
				E5180C6C1F579CD5009093BA /* MapKit.framework in Frameworks */,
			);
			runOnlyForDeploymentPostprocessing = 0;
		};
/* End PBXFrameworksBuildPhase section */

/* Begin PBXGroup section */
		E5180C4C1F579B03009093BA = {
			isa = PBXGroup;
			children = (
				E5180C571F579B03009093BA /* map2class */,
				E5180C561F579B03009093BA /* Products */,
				E5180C6A1F579CD5009093BA /* Frameworks */,
			);
			sourceTree = "<group>";
		};
		E5180C561F579B03009093BA /* Products */ = {
			isa = PBXGroup;
			children = (
				E5180C551F579B03009093BA /* map2class.app */,
			);
			name = Products;
			sourceTree = "<group>";
		};
		E5180C571F579B03009093BA /* map2class */ = {
			isa = PBXGroup;
			children = (
				E58F45BF1F5D2BAD002D4258 /* aa.png */,
				E5EF2F131F60D7730093CC06 /* bbb.jpeg */,
				E5180C581F579B03009093BA /* AppDelegate.swift */,
				E5180C5A1F579B03009093BA /* ViewController.swift */,
				E5180C5C1F579B03009093BA /* Main.storyboard */,
				E5180C5F1F579B03009093BA /* Assets.xcassets */,
				E5180C611F579B03009093BA /* LaunchScreen.storyboard */,
				E5180C641F579B03009093BA /* Info.plist */,
			);
			path = map2class;
			sourceTree = "<group>";
		};
		E5180C6A1F579CD5009093BA /* Frameworks */ = {
			isa = PBXGroup;
			children = (
				E5180C6B1F579CD5009093BA /* MapKit.framework */,
			);
			name = Frameworks;
			sourceTree = "<group>";
		};
/* End PBXGroup section */

/* Begin PBXNativeTarget section */
		E5180C541F579B03009093BA /* map2class */ = {
			isa = PBXNativeTarget;
			buildConfigurationList = E5180C671F579B03009093BA /* Build configuration list for PBXNativeTarget "map2class" */;
			buildPhases = (
				E5180C511F579B03009093BA /* Sources */,
				E5180C521F579B03009093BA /* Frameworks */,
				E5180C531F579B03009093BA /* Resources */,
			);
			buildRules = (
			);
			dependencies = (
			);
			name = map2class;
			productName = map2class;
			productReference = E5180C551F579B03009093BA /* map2class.app */;
			productType = "com.apple.product-type.application";
		};
/* End PBXNativeTarget section */

/* Begin PBXProject section */
		E5180C4D1F579B03009093BA /* Project object */ = {
			isa = PBXProject;
			attributes = {
				LastSwiftUpdateCheck = 0830;
				LastUpgradeCheck = 0830;
				ORGANIZATIONNAME = D7703_24;
				TargetAttributes = {
					E5180C541F579B03009093BA = {
						CreatedOnToolsVersion = 8.3.3;
						ProvisioningStyle = Automatic;
					};
				};
			};
			buildConfigurationList = E5180C501F579B03009093BA /* Build configuration list for PBXProject "map2class" */;
			compatibilityVersion = "Xcode 3.2";
			developmentRegion = English;
			hasScannedForEncodings = 0;
			knownRegions = (
				en,
				Base,
			);
			mainGroup = E5180C4C1F579B03009093BA;
			productRefGroup = E5180C561F579B03009093BA /* Products */;
			projectDirPath = "";
			projectRoot = "";
			targets = (
				E5180C541F579B03009093BA /* map2class */,
			);
		};
/* End PBXProject section */

/* Begin PBXResourcesBuildPhase section */
		E5180C531F579B03009093BA /* Resources */ = {
			isa = PBXResourcesBuildPhase;
			buildActionMask = 2147483647;
			files = (
				E5EF2F141F60D7730093CC06 /* bbb.jpeg in Resources */,
				E5180C631F579B03009093BA /* LaunchScreen.storyboard in Resources */,
				E5180C601F579B03009093BA /* Assets.xcassets in Resources */,
				E5180C5E1F579B03009093BA /* Main.storyboard in Resources */,
				E58F45C01F5D2BAD002D4258 /* aa.png in Resources */,
			);
			runOnlyForDeploymentPostprocessing = 0;
		};
/* End PBXResourcesBuildPhase section */

/* Begin PBXSourcesBuildPhase section */
		E5180C511F579B03009093BA /* Sources */ = {
			isa = PBXSourcesBuildPhase;
			buildActionMask = 2147483647;
			files = (
				E5180C5B1F579B03009093BA /* ViewController.swift in Sources */,
				E5180C591F579B03009093BA /* AppDelegate.swift in Sources */,
			);
			runOnlyForDeploymentPostprocessing = 0;
		};
/* End PBXSourcesBuildPhase section */

/* Begin PBXVariantGroup section */
		E5180C5C1F579B03009093BA /* Main.storyboard */ = {
			isa = PBXVariantGroup;
			children = (
				E5180C5D1F579B03009093BA /* Base */,
			);
			name = Main.storyboard;
			sourceTree = "<group>";
		};
		E5180C611F579B03009093BA /* LaunchScreen.storyboard */ = {
			isa = PBXVariantGroup;
			children = (
				E5180C621F579B03009093BA /* Base */,
			);
			name = LaunchScreen.storyboard;
			sourceTree = "<group>";
		};
/* End PBXVariantGroup section */

/* Begin XCBuildConfiguration section */
		E5180C651F579B03009093BA /* Debug */ = {
			isa = XCBuildConfiguration;
			buildSettings = {
				ALWAYS_SEARCH_USER_PATHS = NO;
				CLANG_ANALYZER_NONNULL = YES;
				CLANG_ANALYZER_NUMBER_OBJECT_CONVERSION = YES_AGGRESSIVE;
				CLANG_CXX_LANGUAGE_STANDARD = "gnu++0x";
				CLANG_CXX_LIBRARY = "libc++";
				CLANG_ENABLE_MODULES = YES;
				CLANG_ENABLE_OBJC_ARC = YES;
				CLANG_WARN_BOOL_CONVERSION = YES;
				CLANG_WARN_CONSTANT_CONVERSION = YES;
				CLANG_WARN_DIRECT_OBJC_ISA_USAGE = YES_ERROR;
				CLANG_WARN_DOCUMENTATION_COMMENTS = YES;
				CLANG_WARN_EMPTY_BODY = YES;
				CLANG_WARN_ENUM_CONVERSION = YES;
				CLANG_WARN_INFINITE_RECURSION = YES;
				CLANG_WARN_INT_CONVERSION = YES;
				CLANG_WARN_OBJC_ROOT_CLASS = YES_ERROR;
				CLANG_WARN_SUSPICIOUS_MOVE = YES;
				CLANG_WARN_UNREACHABLE_CODE = YES;
				CLANG_WARN__DUPLICATE_METHOD_MATCH = YES;
				"CODE_SIGN_IDENTITY[sdk=iphoneos*]" = "iPhone Developer";
				COPY_PHASE_STRIP = NO;
				DEBUG_INFORMATION_FORMAT = dwarf;
				ENABLE_STRICT_OBJC_MSGSEND = YES;
				ENABLE_TESTABILITY = YES;
				GCC_C_LANGUAGE_STANDARD = gnu99;
				GCC_DYNAMIC_NO_PIC = NO;
				GCC_NO_COMMON_BLOCKS = YES;
				GCC_OPTIMIZATION_LEVEL = 0;
				GCC_PREPROCESSOR_DEFINITIONS = (
					"DEBUG=1",
					"$(inherited)",
				);
				GCC_WARN_64_TO_32_BIT_CONVERSION = YES;
				GCC_WARN_ABOUT_RETURN_TYPE = YES_ERROR;
				GCC_WARN_UNDECLARED_SELECTOR = YES;
				GCC_WARN_UNINITIALIZED_AUTOS = YES_AGGRESSIVE;
				GCC_WARN_UNUSED_FUNCTION = YES;
				GCC_WARN_UNUSED_VARIABLE = YES;
				IPHONEOS_DEPLOYMENT_TARGET = 10.3;
				MTL_ENABLE_DEBUG_INFO = YES;
				ONLY_ACTIVE_ARCH = YES;
				SDKROOT = iphoneos;
				SWIFT_ACTIVE_COMPILATION_CONDITIONS = DEBUG;
				SWIFT_OPTIMIZATION_LEVEL = "-Onone";
			};
			name = Debug;
		};
		E5180C661F579B03009093BA /* Release */ = {
			isa = XCBuildConfiguration;
			buildSettings = {
				ALWAYS_SEARCH_USER_PATHS = NO;
				CLANG_ANALYZER_NONNULL = YES;
				CLANG_ANALYZER_NUMBER_OBJECT_CONVERSION = YES_AGGRESSIVE;
				CLANG_CXX_LANGUAGE_STANDARD = "gnu++0x";
				CLANG_CXX_LIBRARY = "libc++";
				CLANG_ENABLE_MODULES = YES;
				CLANG_ENABLE_OBJC_ARC = YES;
				CLANG_WARN_BOOL_CONVERSION = YES;
				CLANG_WARN_CONSTANT_CONVERSION = YES;
				CLANG_WARN_DIRECT_OBJC_ISA_USAGE = YES_ERROR;
				CLANG_WARN_DOCUMENTATION_COMMENTS = YES;
				CLANG_WARN_EMPTY_BODY = YES;
				CLANG_WARN_ENUM_CONVERSION = YES;
				CLANG_WARN_INFINITE_RECURSION = YES;
				CLANG_WARN_INT_CONVERSION = YES;
				CLANG_WARN_OBJC_ROOT_CLASS = YES_ERROR;
				CLANG_WARN_SUSPICIOUS_MOVE = YES;
				CLANG_WARN_UNREACHABLE_CODE = YES;
				CLANG_WARN__DUPLICATE_METHOD_MATCH = YES;
				"CODE_SIGN_IDENTITY[sdk=iphoneos*]" = "iPhone Developer";
				COPY_PHASE_STRIP = NO;
				DEBUG_INFORMATION_FORMAT = "dwarf-with-dsym";
				ENABLE_NS_ASSERTIONS = NO;
				ENABLE_STRICT_OBJC_MSGSEND = YES;
				GCC_C_LANGUAGE_STANDARD = gnu99;
				GCC_NO_COMMON_BLOCKS = YES;
				GCC_WARN_64_TO_32_BIT_CONVERSION = YES;
				GCC_WARN_ABOUT_RETURN_TYPE = YES_ERROR;
				GCC_WARN_UNDECLARED_SELECTOR = YES;
				GCC_WARN_UNINITIALIZED_AUTOS = YES_AGGRESSIVE;
				GCC_WARN_UNUSED_FUNCTION = YES;
				GCC_WARN_UNUSED_VARIABLE = YES;
				IPHONEOS_DEPLOYMENT_TARGET = 10.3;
				MTL_ENABLE_DEBUG_INFO = NO;
				SDKROOT = iphoneos;
				SWIFT_OPTIMIZATION_LEVEL = "-Owholemodule";
				VALIDATE_PRODUCT = YES;
			};
			name = Release;
		};
		E5180C681F579B03009093BA /* Debug */ = {
			isa = XCBuildConfiguration;
			buildSettings = {
				ASSETCATALOG_COMPILER_APPICON_NAME = AppIcon;
				INFOPLIST_FILE = map2class/Info.plist;
				LD_RUNPATH_SEARCH_PATHS = "$(inherited) @executable_path/Frameworks";
				PRODUCT_BUNDLE_IDENTIFIER = cheon.map2class;
				PRODUCT_NAME = "$(TARGET_NAME)";
				SWIFT_VERSION = 3.0;
			};
			name = Debug;
		};
		E5180C691F579B03009093BA /* Release */ = {
			isa = XCBuildConfiguration;
			buildSettings = {
				ASSETCATALOG_COMPILER_APPICON_NAME = AppIcon;
				INFOPLIST_FILE = map2class/Info.plist;
				LD_RUNPATH_SEARCH_PATHS = "$(inherited) @executable_path/Frameworks";
				PRODUCT_BUNDLE_IDENTIFIER = cheon.map2class;
				PRODUCT_NAME = "$(TARGET_NAME)";
				SWIFT_VERSION = 3.0;
			};
			name = Release;
		};
/* End XCBuildConfiguration section */

/* Begin XCConfigurationList section */
		E5180C501F579B03009093BA /* Build configuration list for PBXProject "map2class" */ = {
			isa = XCConfigurationList;
			buildConfigurations = (
				E5180C651F579B03009093BA /* Debug */,
				E5180C661F579B03009093BA /* Release */,
			);
			defaultConfigurationIsVisible = 0;
			defaultConfigurationName = Release;
		};
		E5180C671F579B03009093BA /* Build configuration list for PBXNativeTarget "map2class" */ = {
			isa = XCConfigurationList;
			buildConfigurations = (
				E5180C681F579B03009093BA /* Debug */,
				E5180C691F579B03009093BA /* Release */,
			);
			defaultConfigurationIsVisible = 0;
			defaultConfigurationName = Release;
		};
/* End XCConfigurationList section */
	};
	rootObject = E5180C4D1F579B03009093BA /* Project object */;
}
